
Microsoft Visual Studio Solution File, Format Version 12.00
# Visual Studio Version 17
VisualStudioVersion = 17.11.35312.102
MinimumVisualStudioVersion = 10.0.40219.1
Project("{FAE04EC0-301F-11D3-BF4B-00C04F79EFBC}") = "OrderService", "OrderService.csproj", "{D7C9EDF8-DAD7-4E57-A488-D73AEF3A9713}"
EndProject
Global
	GlobalSection(SolutionConfigurationPlatforms) = preSolution
		Debug|Any CPU = Debug|Any CPU
		Release|Any CPU = Release|Any CPU
	EndGlobalSection
	GlobalSection(ProjectConfigurationPlatforms) = postSolution
		{D7C9EDF8-DAD7-4E57-A488-D73AEF3A9713}.Debug|Any CPU.ActiveCfg = Debug|Any CPU
		{D7C9EDF8-DAD7-4E57-A488-D73AEF3A9713}.Debug|Any CPU.Build.0 = Debug|Any CPU
		{D7C9EDF8-DAD7-4E57-A488-D73AEF3A9713}.Release|Any CPU.ActiveCfg = Release|Any CPU
		{D7C9EDF8-DAD7-4E57-A488-D73AEF3A9713}.Release|Any CPU.Build.0 = Release|Any CPU
	EndGlobalSection
	GlobalSection(SolutionProperties) = preSolution
		HideSolutionNode = FALSE
	EndGlobalSection
	GlobalSection(ExtensibilityGlobals) = postSolution
		SolutionGuid = {FDF5884D-C653-4EC2-9AC1-D406A5D2A618}
	EndGlobalSection
EndGlobal
