
Microsoft Visual Studio Solution File, Format Version 12.00
# Visual Studio Version 17
VisualStudioVersion = 17.5.002.0
MinimumVisualStudioVersion = 10.0.40219.1
Project("{9A19103F-16F7-4668-BE54-9A1E7A4F7556}") = "ProductService.EntityFramework", "ProductService.EntityFramework.csproj", "{2702B86C-4AA2-4D4B-B46B-317E612B79EE}"
EndProject
Global
	GlobalSection(SolutionConfigurationPlatforms) = preSolution
		Debug|Any CPU = Debug|Any CPU
		Release|Any CPU = Release|Any CPU
	EndGlobalSection
	GlobalSection(ProjectConfigurationPlatforms) = postSolution
		{2702B86C-4AA2-4D4B-B46B-317E612B79EE}.Debug|Any CPU.ActiveCfg = Debug|Any CPU
		{2702B86C-4AA2-4D4B-B46B-317E612B79EE}.Debug|Any CPU.Build.0 = Debug|Any CPU
		{2702B86C-4AA2-4D4B-B46B-317E612B79EE}.Release|Any CPU.ActiveCfg = Release|Any CPU
		{2702B86C-4AA2-4D4B-B46B-317E612B79EE}.Release|Any CPU.Build.0 = Release|Any CPU
	EndGlobalSection
	GlobalSection(SolutionProperties) = preSolution
		HideSolutionNode = FALSE
	EndGlobalSection
	GlobalSection(ExtensibilityGlobals) = postSolution
		SolutionGuid = {64682394-0055-454E-A0AE-1F832AEF9C64}
	EndGlobalSection
EndGlobal
