
Microsoft Visual Studio Solution File, Format Version 12.00
# Visual Studio Version 17
VisualStudioVersion = 17.11.35208.52
MinimumVisualStudioVersion = 10.0.40219.1
Project("{2150E333-8FDC-42A3-9474-1A3956D46DE8}") = "src", "src", "{932D8224-11F6-4D07-B109-DA28AD288A63}"
EndProject
Project("{2150E333-8FDC-42A3-9474-1A3956D46DE8}") = "Services", "Services", "{91CF7717-08AB-4E65-B10E-0B426F01E2E8}"
EndProject
Project("{2150E333-8FDC-42A3-9474-1A3956D46DE8}") = "ApiGateway", "ApiGateway", "{77849D35-37D4-4802-81DC-9477B2775A40}"
EndProject
Project("{2150E333-8FDC-42A3-9474-1A3956D46DE8}") = "tests", "tests", "{373D8AA1-36BE-49EC-89F0-6CB736666285}"
EndProject
Project("{9A19103F-16F7-4668-BE54-9A1E7A4F7556}") = "WebHost", "ApiGateway\WebHost\WebHost.csproj", "{2009719E-DF3B-4A45-9981-18A48818AE67}"
EndProject
Project("{E53339B2-1760-4266-BCC7-CA923CBCF16C}") = "docker-compose", "docker-compose.dcproj", "{B24FEF86-86D6-4ADE-8CBE-FA7F126E274F}"
EndProject
Project("{2150E333-8FDC-42A3-9474-1A3956D46DE8}") = "UserService", "UserService", "{26A47E0E-DBE9-4302-85A4-C7F36C61A92F}"
EndProject
Project("{2150E333-8FDC-42A3-9474-1A3956D46DE8}") = "WebHost", "WebHost", "{B8531050-83A3-483D-9F34-E83005067417}"
EndProject
Project("{9A19103F-16F7-4668-BE54-9A1E7A4F7556}") = "UserService.Domain", "Services\UserService\UserService.Domain\UserService.Domain.csproj", "{A143C8E2-3D32-482D-A21D-06D198B9E382}"
EndProject
Project("{9A19103F-16F7-4668-BE54-9A1E7A4F7556}") = "UserService.Infrastructure", "Services\UserService\UserService.Infrastructure\UserService.Infrastructure.csproj", "{4D2580EC-CAD8-4F21-BFF8-4802934BF3C2}"
EndProject
Project("{9A19103F-16F7-4668-BE54-9A1E7A4F7556}") = "UserService.Application", "Services\UserService\UserService.Application\UserService.Application.csproj", "{C317F45D-D331-44BE-9648-E7B838DB10F6}"
EndProject
Project("{2150E333-8FDC-42A3-9474-1A3956D46DE8}") = "ProductService", "ProductService", "{5509EC25-E947-4396-A7B8-9F723DD76A14}"
EndProject
Project("{2150E333-8FDC-42A3-9474-1A3956D46DE8}") = "DataAccess", "DataAccess", "{58324081-CDC9-4B1A-8675-84B6DD837B31}"
EndProject
Project("{2150E333-8FDC-42A3-9474-1A3956D46DE8}") = "ProductService.Core", "ProductService.Core", "{07E05DBF-C704-473D-9748-9ED0F39EC4DC}"
EndProject
Project("{2150E333-8FDC-42A3-9474-1A3956D46DE8}") = "ProductService.Host", "ProductService.Host", "{F245697A-E730-4BCD-BDE5-E4E1F2566F30}"
EndProject
Project("{2150E333-8FDC-42A3-9474-1A3956D46DE8}") = "Services", "Services", "{27DDBA25-A3B4-48F2-A688-DA0FDB0D1DCB}"
EndProject
Project("{2150E333-8FDC-42A3-9474-1A3956D46DE8}") = "ProductService.EntityFramework", "ProductService.EntityFramework", "{AB9DA3AD-85BA-4D28-8FCD-14E35A7B86BD}"
EndProject
Project("{2150E333-8FDC-42A3-9474-1A3956D46DE8}") = "Repositories.Implementations", "Repositories.Implementations", "{7FDAD0CB-BE03-447C-9A14-0D6566B5BF5C}"
EndProject
Project("{2150E333-8FDC-42A3-9474-1A3956D46DE8}") = "ProductService", "ProductService", "{6862C795-9EAF-42B2-9A8C-0C10A1CB5C59}"
EndProject
Project("{2150E333-8FDC-42A3-9474-1A3956D46DE8}") = "Repositories.Abstractions", "Repositories.Abstractions", "{760EA97D-A0FA-42A6-BB00-0E78D6AE154A}"
EndProject
Project("{2150E333-8FDC-42A3-9474-1A3956D46DE8}") = "Service.Abstractions", "Service.Abstractions", "{917D761A-1F32-4D33-845A-D25BBC372F31}"
EndProject
Project("{9A19103F-16F7-4668-BE54-9A1E7A4F7556}") = "ProductService.Services.Abstractions", "Services\ProductService\Services\Service.Abstractions\ProductService.Services.Abstractions.csproj", "{FEAB8940-E772-4E34-84D8-705ACD5C6D8E}"
EndProject
Project("{9A19103F-16F7-4668-BE54-9A1E7A4F7556}") = "ProductService.Repositories.Abstractions", "Services\ProductService\Services\Repositories.Abstractions\ProductService.Repositories.Abstractions.csproj", "{55FC3CC8-87F8-4303-8CBA-B6FAB9F6DF13}"
EndProject
Project("{9A19103F-16F7-4668-BE54-9A1E7A4F7556}") = "ProductService.ProductService", "Services\ProductService\Services\ProductService\ProductService.ProductService.csproj", "{80507FDF-54FF-4DCB-BA1B-377C47744170}"
EndProject
Project("{9A19103F-16F7-4668-BE54-9A1E7A4F7556}") = "ProductService.Host", "Services\ProductService\ProductService.Host\ProductService.Host.csproj", "{3613ADA7-1090-47F3-A685-A3FE1F7EAE65}"
EndProject
Project("{9A19103F-16F7-4668-BE54-9A1E7A4F7556}") = "ProductService.Core", "Services\ProductService\ProductService.Core\ProductService.Core.csproj", "{F190A799-C6DD-4E71-B52A-F8B5F209C09F}"
EndProject
Project("{9A19103F-16F7-4668-BE54-9A1E7A4F7556}") = "ProductService.Repositories.Implementstions", "Services\ProductService\DataAccess\Repositories.Implementations\ProductService.Repositories.Implementstions.csproj", "{E41D9E87-E33A-485E-8D4F-659C259DD0DF}"
EndProject
Project("{9A19103F-16F7-4668-BE54-9A1E7A4F7556}") = "ProductService.EntityFramework", "Services\ProductService\DataAccess\ProductService.EntityFramework\ProductService.EntityFramework.csproj", "{85138FE0-7C58-4E96-A3AF-A5CFFFB3F237}"
EndProject
Project("{9A19103F-16F7-4668-BE54-9A1E7A4F7556}") = "OrderService", "Services\OrderService\OrderService.csproj", "{01F40DDC-1295-4CB1-B5A2-7720934C1E87}"
EndProject
Project("{2150E333-8FDC-42A3-9474-1A3956D46DE8}") = "OrderService", "OrderService", "{D6108318-F4A2-4A3C-84DF-16FF5E5984C3}"
EndProject
Project("{2150E333-8FDC-42A3-9474-1A3956D46DE8}") = "IAM", "IAM", "{0C554731-6C8C-492B-A4E3-27C67FDACF0F}"
EndProject
Project("{9A19103F-16F7-4668-BE54-9A1E7A4F7556}") = "IAM", "Services\IAM\IAM.csproj", "{7A3EBCC0-D7C2-48E7-8F74-D0D568FA01AA}"
EndProject
Project("{2150E333-8FDC-42A3-9474-1A3956D46DE8}") = "SharedLibrary", "SharedLibrary", "{8E1DA47A-6339-4267-9EA9-58CF28D87E48}"
EndProject
Project("{FAE04EC0-301F-11D3-BF4B-00C04F79EFBC}") = "SharedLibrary", "SharedLibrary\SharedLibrary\SharedLibrary.csproj", "{E4E3A148-4E34-4EEB-9376-3E79D68461FA}"
EndProject
Global
	GlobalSection(SolutionConfigurationPlatforms) = preSolution
		Debug|Any CPU = Debug|Any CPU
		Release|Any CPU = Release|Any CPU
	EndGlobalSection
	GlobalSection(ProjectConfigurationPlatforms) = postSolution
		{2009719E-DF3B-4A45-9981-18A48818AE67}.Debug|Any CPU.ActiveCfg = Debug|Any CPU
		{2009719E-DF3B-4A45-9981-18A48818AE67}.Debug|Any CPU.Build.0 = Debug|Any CPU
		{2009719E-DF3B-4A45-9981-18A48818AE67}.Release|Any CPU.ActiveCfg = Release|Any CPU
		{2009719E-DF3B-4A45-9981-18A48818AE67}.Release|Any CPU.Build.0 = Release|Any CPU
		{B24FEF86-86D6-4ADE-8CBE-FA7F126E274F}.Debug|Any CPU.ActiveCfg = Debug|Any CPU
		{B24FEF86-86D6-4ADE-8CBE-FA7F126E274F}.Debug|Any CPU.Build.0 = Debug|Any CPU
		{B24FEF86-86D6-4ADE-8CBE-FA7F126E274F}.Release|Any CPU.ActiveCfg = Release|Any CPU
		{B24FEF86-86D6-4ADE-8CBE-FA7F126E274F}.Release|Any CPU.Build.0 = Release|Any CPU
		{A143C8E2-3D32-482D-A21D-06D198B9E382}.Debug|Any CPU.ActiveCfg = Debug|Any CPU
		{A143C8E2-3D32-482D-A21D-06D198B9E382}.Debug|Any CPU.Build.0 = Debug|Any CPU
		{A143C8E2-3D32-482D-A21D-06D198B9E382}.Release|Any CPU.ActiveCfg = Release|Any CPU
		{A143C8E2-3D32-482D-A21D-06D198B9E382}.Release|Any CPU.Build.0 = Release|Any CPU
		{4D2580EC-CAD8-4F21-BFF8-4802934BF3C2}.Debug|Any CPU.ActiveCfg = Debug|Any CPU
		{4D2580EC-CAD8-4F21-BFF8-4802934BF3C2}.Debug|Any CPU.Build.0 = Debug|Any CPU
		{4D2580EC-CAD8-4F21-BFF8-4802934BF3C2}.Release|Any CPU.ActiveCfg = Release|Any CPU
		{4D2580EC-CAD8-4F21-BFF8-4802934BF3C2}.Release|Any CPU.Build.0 = Release|Any CPU
		{C317F45D-D331-44BE-9648-E7B838DB10F6}.Debug|Any CPU.ActiveCfg = Debug|Any CPU
		{C317F45D-D331-44BE-9648-E7B838DB10F6}.Debug|Any CPU.Build.0 = Debug|Any CPU
		{C317F45D-D331-44BE-9648-E7B838DB10F6}.Release|Any CPU.ActiveCfg = Release|Any CPU
		{C317F45D-D331-44BE-9648-E7B838DB10F6}.Release|Any CPU.Build.0 = Release|Any CPU
		{FEAB8940-E772-4E34-84D8-705ACD5C6D8E}.Debug|Any CPU.ActiveCfg = Debug|Any CPU
		{FEAB8940-E772-4E34-84D8-705ACD5C6D8E}.Debug|Any CPU.Build.0 = Debug|Any CPU
		{FEAB8940-E772-4E34-84D8-705ACD5C6D8E}.Release|Any CPU.ActiveCfg = Release|Any CPU
		{FEAB8940-E772-4E34-84D8-705ACD5C6D8E}.Release|Any CPU.Build.0 = Release|Any CPU
		{55FC3CC8-87F8-4303-8CBA-B6FAB9F6DF13}.Debug|Any CPU.ActiveCfg = Debug|Any CPU
		{55FC3CC8-87F8-4303-8CBA-B6FAB9F6DF13}.Debug|Any CPU.Build.0 = Debug|Any CPU
		{55FC3CC8-87F8-4303-8CBA-B6FAB9F6DF13}.Release|Any CPU.ActiveCfg = Release|Any CPU
		{55FC3CC8-87F8-4303-8CBA-B6FAB9F6DF13}.Release|Any CPU.Build.0 = Release|Any CPU
		{80507FDF-54FF-4DCB-BA1B-377C47744170}.Debug|Any CPU.ActiveCfg = Debug|Any CPU
		{80507FDF-54FF-4DCB-BA1B-377C47744170}.Debug|Any CPU.Build.0 = Debug|Any CPU
		{80507FDF-54FF-4DCB-BA1B-377C47744170}.Release|Any CPU.ActiveCfg = Release|Any CPU
		{80507FDF-54FF-4DCB-BA1B-377C47744170}.Release|Any CPU.Build.0 = Release|Any CPU
		{3613ADA7-1090-47F3-A685-A3FE1F7EAE65}.Debug|Any CPU.ActiveCfg = Debug|Any CPU
		{3613ADA7-1090-47F3-A685-A3FE1F7EAE65}.Debug|Any CPU.Build.0 = Debug|Any CPU
		{3613ADA7-1090-47F3-A685-A3FE1F7EAE65}.Release|Any CPU.ActiveCfg = Release|Any CPU
		{3613ADA7-1090-47F3-A685-A3FE1F7EAE65}.Release|Any CPU.Build.0 = Release|Any CPU
		{F190A799-C6DD-4E71-B52A-F8B5F209C09F}.Debug|Any CPU.ActiveCfg = Debug|Any CPU
		{F190A799-C6DD-4E71-B52A-F8B5F209C09F}.Debug|Any CPU.Build.0 = Debug|Any CPU
		{F190A799-C6DD-4E71-B52A-F8B5F209C09F}.Release|Any CPU.ActiveCfg = Release|Any CPU
		{F190A799-C6DD-4E71-B52A-F8B5F209C09F}.Release|Any CPU.Build.0 = Release|Any CPU
		{E41D9E87-E33A-485E-8D4F-659C259DD0DF}.Debug|Any CPU.ActiveCfg = Debug|Any CPU
		{E41D9E87-E33A-485E-8D4F-659C259DD0DF}.Debug|Any CPU.Build.0 = Debug|Any CPU
		{E41D9E87-E33A-485E-8D4F-659C259DD0DF}.Release|Any CPU.ActiveCfg = Release|Any CPU
		{E41D9E87-E33A-485E-8D4F-659C259DD0DF}.Release|Any CPU.Build.0 = Release|Any CPU
		{85138FE0-7C58-4E96-A3AF-A5CFFFB3F237}.Debug|Any CPU.ActiveCfg = Debug|Any CPU
		{85138FE0-7C58-4E96-A3AF-A5CFFFB3F237}.Debug|Any CPU.Build.0 = Debug|Any CPU
		{85138FE0-7C58-4E96-A3AF-A5CFFFB3F237}.Release|Any CPU.ActiveCfg = Release|Any CPU
		{85138FE0-7C58-4E96-A3AF-A5CFFFB3F237}.Release|Any CPU.Build.0 = Release|Any CPU
		{01F40DDC-1295-4CB1-B5A2-7720934C1E87}.Debug|Any CPU.ActiveCfg = Debug|Any CPU
		{01F40DDC-1295-4CB1-B5A2-7720934C1E87}.Debug|Any CPU.Build.0 = Debug|Any CPU
		{01F40DDC-1295-4CB1-B5A2-7720934C1E87}.Release|Any CPU.ActiveCfg = Release|Any CPU
		{01F40DDC-1295-4CB1-B5A2-7720934C1E87}.Release|Any CPU.Build.0 = Release|Any CPU
		{7A3EBCC0-D7C2-48E7-8F74-D0D568FA01AA}.Debug|Any CPU.ActiveCfg = Debug|Any CPU
		{7A3EBCC0-D7C2-48E7-8F74-D0D568FA01AA}.Debug|Any CPU.Build.0 = Debug|Any CPU
		{7A3EBCC0-D7C2-48E7-8F74-D0D568FA01AA}.Release|Any CPU.ActiveCfg = Release|Any CPU
		{7A3EBCC0-D7C2-48E7-8F74-D0D568FA01AA}.Release|Any CPU.Build.0 = Release|Any CPU
		{E4E3A148-4E34-4EEB-9376-3E79D68461FA}.Debug|Any CPU.ActiveCfg = Debug|Any CPU
		{E4E3A148-4E34-4EEB-9376-3E79D68461FA}.Debug|Any CPU.Build.0 = Debug|Any CPU
		{E4E3A148-4E34-4EEB-9376-3E79D68461FA}.Release|Any CPU.ActiveCfg = Release|Any CPU
		{E4E3A148-4E34-4EEB-9376-3E79D68461FA}.Release|Any CPU.Build.0 = Release|Any CPU
	EndGlobalSection
	GlobalSection(SolutionProperties) = preSolution
		HideSolutionNode = FALSE
	EndGlobalSection
	GlobalSection(NestedProjects) = preSolution
		{91CF7717-08AB-4E65-B10E-0B426F01E2E8} = {932D8224-11F6-4D07-B109-DA28AD288A63}
		{77849D35-37D4-4802-81DC-9477B2775A40} = {932D8224-11F6-4D07-B109-DA28AD288A63}
		{2009719E-DF3B-4A45-9981-18A48818AE67} = {B8531050-83A3-483D-9F34-E83005067417}
		{26A47E0E-DBE9-4302-85A4-C7F36C61A92F} = {91CF7717-08AB-4E65-B10E-0B426F01E2E8}
		{B8531050-83A3-483D-9F34-E83005067417} = {77849D35-37D4-4802-81DC-9477B2775A40}
		{A143C8E2-3D32-482D-A21D-06D198B9E382} = {26A47E0E-DBE9-4302-85A4-C7F36C61A92F}
		{4D2580EC-CAD8-4F21-BFF8-4802934BF3C2} = {26A47E0E-DBE9-4302-85A4-C7F36C61A92F}
		{C317F45D-D331-44BE-9648-E7B838DB10F6} = {26A47E0E-DBE9-4302-85A4-C7F36C61A92F}
		{5509EC25-E947-4396-A7B8-9F723DD76A14} = {91CF7717-08AB-4E65-B10E-0B426F01E2E8}
		{58324081-CDC9-4B1A-8675-84B6DD837B31} = {5509EC25-E947-4396-A7B8-9F723DD76A14}
		{07E05DBF-C704-473D-9748-9ED0F39EC4DC} = {5509EC25-E947-4396-A7B8-9F723DD76A14}
		{F245697A-E730-4BCD-BDE5-E4E1F2566F30} = {5509EC25-E947-4396-A7B8-9F723DD76A14}
		{27DDBA25-A3B4-48F2-A688-DA0FDB0D1DCB} = {5509EC25-E947-4396-A7B8-9F723DD76A14}
		{AB9DA3AD-85BA-4D28-8FCD-14E35A7B86BD} = {58324081-CDC9-4B1A-8675-84B6DD837B31}
		{7FDAD0CB-BE03-447C-9A14-0D6566B5BF5C} = {58324081-CDC9-4B1A-8675-84B6DD837B31}
		{6862C795-9EAF-42B2-9A8C-0C10A1CB5C59} = {27DDBA25-A3B4-48F2-A688-DA0FDB0D1DCB}
		{760EA97D-A0FA-42A6-BB00-0E78D6AE154A} = {27DDBA25-A3B4-48F2-A688-DA0FDB0D1DCB}
		{917D761A-1F32-4D33-845A-D25BBC372F31} = {27DDBA25-A3B4-48F2-A688-DA0FDB0D1DCB}
		{FEAB8940-E772-4E34-84D8-705ACD5C6D8E} = {917D761A-1F32-4D33-845A-D25BBC372F31}
		{55FC3CC8-87F8-4303-8CBA-B6FAB9F6DF13} = {760EA97D-A0FA-42A6-BB00-0E78D6AE154A}
		{80507FDF-54FF-4DCB-BA1B-377C47744170} = {6862C795-9EAF-42B2-9A8C-0C10A1CB5C59}
		{3613ADA7-1090-47F3-A685-A3FE1F7EAE65} = {F245697A-E730-4BCD-BDE5-E4E1F2566F30}
		{F190A799-C6DD-4E71-B52A-F8B5F209C09F} = {07E05DBF-C704-473D-9748-9ED0F39EC4DC}
		{E41D9E87-E33A-485E-8D4F-659C259DD0DF} = {7FDAD0CB-BE03-447C-9A14-0D6566B5BF5C}
		{85138FE0-7C58-4E96-A3AF-A5CFFFB3F237} = {AB9DA3AD-85BA-4D28-8FCD-14E35A7B86BD}
		{01F40DDC-1295-4CB1-B5A2-7720934C1E87} = {D6108318-F4A2-4A3C-84DF-16FF5E5984C3}
		{D6108318-F4A2-4A3C-84DF-16FF5E5984C3} = {91CF7717-08AB-4E65-B10E-0B426F01E2E8}
		{0C554731-6C8C-492B-A4E3-27C67FDACF0F} = {91CF7717-08AB-4E65-B10E-0B426F01E2E8}
		{7A3EBCC0-D7C2-48E7-8F74-D0D568FA01AA} = {0C554731-6C8C-492B-A4E3-27C67FDACF0F}
		{8E1DA47A-6339-4267-9EA9-58CF28D87E48} = {932D8224-11F6-4D07-B109-DA28AD288A63}
		{E4E3A148-4E34-4EEB-9376-3E79D68461FA} = {8E1DA47A-6339-4267-9EA9-58CF28D87E48}
	EndGlobalSection
	GlobalSection(ExtensibilityGlobals) = postSolution
		SolutionGuid = {D191DEA7-F878-4855-84A6-22850C11AC70}
	EndGlobalSection
EndGlobal
