
Microsoft Visual Studio Solution File, Format Version 12.00
# Visual Studio Version 17
VisualStudioVersion = 17.11.35208.52
MinimumVisualStudioVersion = 10.0.40219.1
Project("{2150E333-8FDC-42A3-9474-1A3956D46DE8}") = "src", "src", "{932D8224-11F6-4D07-B109-DA28AD288A63}"
EndProject
Project("{2150E333-8FDC-42A3-9474-1A3956D46DE8}") = "Services", "Services", "{91CF7717-08AB-4E65-B10E-0B426F01E2E8}"
EndProject
Project("{2150E333-8FDC-42A3-9474-1A3956D46DE8}") = "ApiGateway", "ApiGateway", "{77849D35-37D4-4802-81DC-9477B2775A40}"
EndProject
Project("{2150E333-8FDC-42A3-9474-1A3956D46DE8}") = "tests", "tests", "{373D8AA1-36BE-49EC-89F0-6CB736666285}"
EndProject
Project("{9A19103F-16F7-4668-BE54-9A1E7A4F7556}") = "WebHost", "ApiGateway\WebHost\WebHost.csproj", "{2009719E-DF3B-4A45-9981-18A48818AE67}"
EndProject
Project("{9A19103F-16F7-4668-BE54-9A1E7A4F7556}") = "Authentication", "Services\Authentication\Authentication.csproj", "{09FAC197-8AA7-4412-BC60-217226AD4B87}"
EndProject
Project("{E53339B2-1760-4266-BCC7-CA923CBCF16C}") = "docker-compose", "docker-compose.dcproj", "{B24FEF86-86D6-4ADE-8CBE-FA7F126E274F}"
EndProject
Project("{9A19103F-16F7-4668-BE54-9A1E7A4F7556}") = "UserService", "Services\UserService\UserService.csproj", "{16DBFA3F-5800-4256-A7B1-865256848363}"
EndProject
Project("{2150E333-8FDC-42A3-9474-1A3956D46DE8}") = "Authentication", "Authentication", "{CC30912E-E29B-4711-8224-A7D09E8DEBB2}"
EndProject
Project("{2150E333-8FDC-42A3-9474-1A3956D46DE8}") = "UserService", "UserService", "{26A47E0E-DBE9-4302-85A4-C7F36C61A92F}"
EndProject
Project("{2150E333-8FDC-42A3-9474-1A3956D46DE8}") = "WebHost", "WebHost", "{B8531050-83A3-483D-9F34-E83005067417}"
EndProject
Project("{2150E333-8FDC-42A3-9474-1A3956D46DE8}") = "ProductService", "ProductService", "{5509EC25-E947-4396-A7B8-9F723DD76A14}"
EndProject
Project("{2150E333-8FDC-42A3-9474-1A3956D46DE8}") = "DataAccess", "DataAccess", "{58324081-CDC9-4B1A-8675-84B6DD837B31}"
EndProject
Project("{2150E333-8FDC-42A3-9474-1A3956D46DE8}") = "ProductService.Core", "ProductService.Core", "{07E05DBF-C704-473D-9748-9ED0F39EC4DC}"
EndProject
Project("{2150E333-8FDC-42A3-9474-1A3956D46DE8}") = "ProductService.Host", "ProductService.Host", "{F245697A-E730-4BCD-BDE5-E4E1F2566F30}"
EndProject
Project("{2150E333-8FDC-42A3-9474-1A3956D46DE8}") = "Services", "Services", "{27DDBA25-A3B4-48F2-A688-DA0FDB0D1DCB}"
EndProject
Project("{2150E333-8FDC-42A3-9474-1A3956D46DE8}") = "ProductService.EntityFramework", "ProductService.EntityFramework", "{AB9DA3AD-85BA-4D28-8FCD-14E35A7B86BD}"
EndProject
Project("{2150E333-8FDC-42A3-9474-1A3956D46DE8}") = "Repositories.Implementations", "Repositories.Implementations", "{7FDAD0CB-BE03-447C-9A14-0D6566B5BF5C}"
EndProject
Project("{2150E333-8FDC-42A3-9474-1A3956D46DE8}") = "Contracts", "Contracts", "{DBD576A9-4000-4AB4-9954-9326F7C478AC}"
EndProject
Project("{2150E333-8FDC-42A3-9474-1A3956D46DE8}") = "ProductService", "ProductService", "{6862C795-9EAF-42B2-9A8C-0C10A1CB5C59}"
EndProject
Project("{2150E333-8FDC-42A3-9474-1A3956D46DE8}") = "Repositories.Abstractions", "Repositories.Abstractions", "{760EA97D-A0FA-42A6-BB00-0E78D6AE154A}"
EndProject
Project("{2150E333-8FDC-42A3-9474-1A3956D46DE8}") = "Service.Abstractions", "Service.Abstractions", "{917D761A-1F32-4D33-845A-D25BBC372F31}"
EndProject
Project("{9A19103F-16F7-4668-BE54-9A1E7A4F7556}") = "ProductService.Services.Abstractions", "Services\ProductService\Services\Service.Abstractions\ProductService.Services.Abstractions.csproj", "{FEAB8940-E772-4E34-84D8-705ACD5C6D8E}"
EndProject
Project("{9A19103F-16F7-4668-BE54-9A1E7A4F7556}") = "ProductService.Repositories.Abstractions", "Services\ProductService\Services\Repositories.Abstractions\ProductService.Repositories.Abstractions.csproj", "{55FC3CC8-87F8-4303-8CBA-B6FAB9F6DF13}"
EndProject
Project("{9A19103F-16F7-4668-BE54-9A1E7A4F7556}") = "ProductService.ProductService", "Services\ProductService\Services\ProductService\ProductService.ProductService.csproj", "{80507FDF-54FF-4DCB-BA1B-377C47744170}"
EndProject
Project("{9A19103F-16F7-4668-BE54-9A1E7A4F7556}") = "ProductService.Contracts", "Services\ProductService\Services\Contracts\ProductService.Contracts.csproj", "{7A146EF6-2339-4870-A252-F75B61B3CE5B}"
EndProject
Project("{9A19103F-16F7-4668-BE54-9A1E7A4F7556}") = "ProductService.Host", "Services\ProductService\ProductService.Host\ProductService.Host.csproj", "{3613ADA7-1090-47F3-A685-A3FE1F7EAE65}"
EndProject
Project("{9A19103F-16F7-4668-BE54-9A1E7A4F7556}") = "ProductService.Core", "Services\ProductService\ProductService.Core\ProductService.Core.csproj", "{F190A799-C6DD-4E71-B52A-F8B5F209C09F}"
EndProject
Project("{9A19103F-16F7-4668-BE54-9A1E7A4F7556}") = "ProductService.Repositories.Implementstions", "Services\ProductService\DataAccess\Repositories.Implementations\ProductService.Repositories.Implementstions.csproj", "{E41D9E87-E33A-485E-8D4F-659C259DD0DF}"
EndProject
Project("{9A19103F-16F7-4668-BE54-9A1E7A4F7556}") = "ProductService.EntityFramework", "Services\ProductService\DataAccess\ProductService.EntityFramework\ProductService.EntityFramework.csproj", "{85138FE0-7C58-4E96-A3AF-A5CFFFB3F237}"
EndProject
Global
	GlobalSection(SolutionConfigurationPlatforms) = preSolution
		Debug|Any CPU = Debug|Any CPU
		Release|Any CPU = Release|Any CPU
	EndGlobalSection
	GlobalSection(ProjectConfigurationPlatforms) = postSolution
		{2009719E-DF3B-4A45-9981-18A48818AE67}.Debug|Any CPU.ActiveCfg = Debug|Any CPU
		{2009719E-DF3B-4A45-9981-18A48818AE67}.Debug|Any CPU.Build.0 = Debug|Any CPU
		{2009719E-DF3B-4A45-9981-18A48818AE67}.Release|Any CPU.ActiveCfg = Release|Any CPU
		{2009719E-DF3B-4A45-9981-18A48818AE67}.Release|Any CPU.Build.0 = Release|Any CPU
		{09FAC197-8AA7-4412-BC60-217226AD4B87}.Debug|Any CPU.ActiveCfg = Debug|Any CPU
		{09FAC197-8AA7-4412-BC60-217226AD4B87}.Debug|Any CPU.Build.0 = Debug|Any CPU
		{09FAC197-8AA7-4412-BC60-217226AD4B87}.Release|Any CPU.ActiveCfg = Release|Any CPU
		{09FAC197-8AA7-4412-BC60-217226AD4B87}.Release|Any CPU.Build.0 = Release|Any CPU
		{B24FEF86-86D6-4ADE-8CBE-FA7F126E274F}.Debug|Any CPU.ActiveCfg = Debug|Any CPU
		{B24FEF86-86D6-4ADE-8CBE-FA7F126E274F}.Debug|Any CPU.Build.0 = Debug|Any CPU
		{B24FEF86-86D6-4ADE-8CBE-FA7F126E274F}.Release|Any CPU.ActiveCfg = Release|Any CPU
		{B24FEF86-86D6-4ADE-8CBE-FA7F126E274F}.Release|Any CPU.Build.0 = Release|Any CPU
		{16DBFA3F-5800-4256-A7B1-865256848363}.Debug|Any CPU.ActiveCfg = Debug|Any CPU
		{16DBFA3F-5800-4256-A7B1-865256848363}.Debug|Any CPU.Build.0 = Debug|Any CPU
		{16DBFA3F-5800-4256-A7B1-865256848363}.Release|Any CPU.ActiveCfg = Release|Any CPU
		{16DBFA3F-5800-4256-A7B1-865256848363}.Release|Any CPU.Build.0 = Release|Any CPU
		{FEAB8940-E772-4E34-84D8-705ACD5C6D8E}.Debug|Any CPU.ActiveCfg = Debug|Any CPU
		{FEAB8940-E772-4E34-84D8-705ACD5C6D8E}.Debug|Any CPU.Build.0 = Debug|Any CPU
		{FEAB8940-E772-4E34-84D8-705ACD5C6D8E}.Release|Any CPU.ActiveCfg = Release|Any CPU
		{FEAB8940-E772-4E34-84D8-705ACD5C6D8E}.Release|Any CPU.Build.0 = Release|Any CPU
		{55FC3CC8-87F8-4303-8CBA-B6FAB9F6DF13}.Debug|Any CPU.ActiveCfg = Debug|Any CPU
		{55FC3CC8-87F8-4303-8CBA-B6FAB9F6DF13}.Debug|Any CPU.Build.0 = Debug|Any CPU
		{55FC3CC8-87F8-4303-8CBA-B6FAB9F6DF13}.Release|Any CPU.ActiveCfg = Release|Any CPU
		{55FC3CC8-87F8-4303-8CBA-B6FAB9F6DF13}.Release|Any CPU.Build.0 = Release|Any CPU
		{80507FDF-54FF-4DCB-BA1B-377C47744170}.Debug|Any CPU.ActiveCfg = Debug|Any CPU
		{80507FDF-54FF-4DCB-BA1B-377C47744170}.Debug|Any CPU.Build.0 = Debug|Any CPU
		{80507FDF-54FF-4DCB-BA1B-377C47744170}.Release|Any CPU.ActiveCfg = Release|Any CPU
		{80507FDF-54FF-4DCB-BA1B-377C47744170}.Release|Any CPU.Build.0 = Release|Any CPU
		{7A146EF6-2339-4870-A252-F75B61B3CE5B}.Debug|Any CPU.ActiveCfg = Debug|Any CPU
		{7A146EF6-2339-4870-A252-F75B61B3CE5B}.Debug|Any CPU.Build.0 = Debug|Any CPU
		{7A146EF6-2339-4870-A252-F75B61B3CE5B}.Release|Any CPU.ActiveCfg = Release|Any CPU
		{7A146EF6-2339-4870-A252-F75B61B3CE5B}.Release|Any CPU.Build.0 = Release|Any CPU
		{3613ADA7-1090-47F3-A685-A3FE1F7EAE65}.Debug|Any CPU.ActiveCfg = Debug|Any CPU
		{3613ADA7-1090-47F3-A685-A3FE1F7EAE65}.Debug|Any CPU.Build.0 = Debug|Any CPU
		{3613ADA7-1090-47F3-A685-A3FE1F7EAE65}.Release|Any CPU.ActiveCfg = Release|Any CPU
		{3613ADA7-1090-47F3-A685-A3FE1F7EAE65}.Release|Any CPU.Build.0 = Release|Any CPU
		{F190A799-C6DD-4E71-B52A-F8B5F209C09F}.Debug|Any CPU.ActiveCfg = Debug|Any CPU
		{F190A799-C6DD-4E71-B52A-F8B5F209C09F}.Debug|Any CPU.Build.0 = Debug|Any CPU
		{F190A799-C6DD-4E71-B52A-F8B5F209C09F}.Release|Any CPU.ActiveCfg = Release|Any CPU
		{F190A799-C6DD-4E71-B52A-F8B5F209C09F}.Release|Any CPU.Build.0 = Release|Any CPU
		{E41D9E87-E33A-485E-8D4F-659C259DD0DF}.Debug|Any CPU.ActiveCfg = Debug|Any CPU
		{E41D9E87-E33A-485E-8D4F-659C259DD0DF}.Debug|Any CPU.Build.0 = Debug|Any CPU
		{E41D9E87-E33A-485E-8D4F-659C259DD0DF}.Release|Any CPU.ActiveCfg = Release|Any CPU
		{E41D9E87-E33A-485E-8D4F-659C259DD0DF}.Release|Any CPU.Build.0 = Release|Any CPU
		{85138FE0-7C58-4E96-A3AF-A5CFFFB3F237}.Debug|Any CPU.ActiveCfg = Debug|Any CPU
		{85138FE0-7C58-4E96-A3AF-A5CFFFB3F237}.Debug|Any CPU.Build.0 = Debug|Any CPU
		{85138FE0-7C58-4E96-A3AF-A5CFFFB3F237}.Release|Any CPU.ActiveCfg = Release|Any CPU
		{85138FE0-7C58-4E96-A3AF-A5CFFFB3F237}.Release|Any CPU.Build.0 = Release|Any CPU
	EndGlobalSection
	GlobalSection(SolutionProperties) = preSolution
		HideSolutionNode = FALSE
	EndGlobalSection
	GlobalSection(NestedProjects) = preSolution
		{91CF7717-08AB-4E65-B10E-0B426F01E2E8} = {932D8224-11F6-4D07-B109-DA28AD288A63}
		{77849D35-37D4-4802-81DC-9477B2775A40} = {932D8224-11F6-4D07-B109-DA28AD288A63}
		{2009719E-DF3B-4A45-9981-18A48818AE67} = {B8531050-83A3-483D-9F34-E83005067417}
		{09FAC197-8AA7-4412-BC60-217226AD4B87} = {CC30912E-E29B-4711-8224-A7D09E8DEBB2}
		{16DBFA3F-5800-4256-A7B1-865256848363} = {26A47E0E-DBE9-4302-85A4-C7F36C61A92F}
		{CC30912E-E29B-4711-8224-A7D09E8DEBB2} = {91CF7717-08AB-4E65-B10E-0B426F01E2E8}
		{26A47E0E-DBE9-4302-85A4-C7F36C61A92F} = {91CF7717-08AB-4E65-B10E-0B426F01E2E8}
		{B8531050-83A3-483D-9F34-E83005067417} = {77849D35-37D4-4802-81DC-9477B2775A40}
		{5509EC25-E947-4396-A7B8-9F723DD76A14} = {91CF7717-08AB-4E65-B10E-0B426F01E2E8}
		{58324081-CDC9-4B1A-8675-84B6DD837B31} = {5509EC25-E947-4396-A7B8-9F723DD76A14}
		{07E05DBF-C704-473D-9748-9ED0F39EC4DC} = {5509EC25-E947-4396-A7B8-9F723DD76A14}
		{F245697A-E730-4BCD-BDE5-E4E1F2566F30} = {5509EC25-E947-4396-A7B8-9F723DD76A14}
		{27DDBA25-A3B4-48F2-A688-DA0FDB0D1DCB} = {5509EC25-E947-4396-A7B8-9F723DD76A14}
		{AB9DA3AD-85BA-4D28-8FCD-14E35A7B86BD} = {58324081-CDC9-4B1A-8675-84B6DD837B31}
		{7FDAD0CB-BE03-447C-9A14-0D6566B5BF5C} = {58324081-CDC9-4B1A-8675-84B6DD837B31}
		{DBD576A9-4000-4AB4-9954-9326F7C478AC} = {27DDBA25-A3B4-48F2-A688-DA0FDB0D1DCB}
		{6862C795-9EAF-42B2-9A8C-0C10A1CB5C59} = {27DDBA25-A3B4-48F2-A688-DA0FDB0D1DCB}
		{760EA97D-A0FA-42A6-BB00-0E78D6AE154A} = {27DDBA25-A3B4-48F2-A688-DA0FDB0D1DCB}
		{917D761A-1F32-4D33-845A-D25BBC372F31} = {27DDBA25-A3B4-48F2-A688-DA0FDB0D1DCB}
		{FEAB8940-E772-4E34-84D8-705ACD5C6D8E} = {917D761A-1F32-4D33-845A-D25BBC372F31}
		{55FC3CC8-87F8-4303-8CBA-B6FAB9F6DF13} = {760EA97D-A0FA-42A6-BB00-0E78D6AE154A}
		{80507FDF-54FF-4DCB-BA1B-377C47744170} = {6862C795-9EAF-42B2-9A8C-0C10A1CB5C59}
		{7A146EF6-2339-4870-A252-F75B61B3CE5B} = {DBD576A9-4000-4AB4-9954-9326F7C478AC}
		{3613ADA7-1090-47F3-A685-A3FE1F7EAE65} = {F245697A-E730-4BCD-BDE5-E4E1F2566F30}
		{F190A799-C6DD-4E71-B52A-F8B5F209C09F} = {07E05DBF-C704-473D-9748-9ED0F39EC4DC}
		{E41D9E87-E33A-485E-8D4F-659C259DD0DF} = {7FDAD0CB-BE03-447C-9A14-0D6566B5BF5C}
		{85138FE0-7C58-4E96-A3AF-A5CFFFB3F237} = {AB9DA3AD-85BA-4D28-8FCD-14E35A7B86BD}
	EndGlobalSection
	GlobalSection(ExtensibilityGlobals) = postSolution
		SolutionGuid = {D191DEA7-F878-4855-84A6-22850C11AC70}
	EndGlobalSection
EndGlobal
